
Microsoft Visual Studio Solution File, Format Version 12.00
# Visual Studio Version 17
VisualStudioVersion = 17.3.32922.545
MinimumVisualStudioVersion = 10.0.40219.1
Project("{9A19103F-16F7-4668-BE54-9A1E7A4F7556}") = "SecureBackEndAuthorizer", "SecureBackEndAuthorizer\SecureBackEndAuthorizer.csproj", "{A2F32FDB-441C-4968-BAEB-6FE98BA13C26}"
	ProjectSection(ProjectDependencies) = postProject
		{23FCA8EA-6965-45EF-BD65-F4DACA06E66D} = {23FCA8EA-6965-45EF-BD65-F4DACA06E66D}
	EndProjectSection
EndProject
Project("{9A19103F-16F7-4668-BE54-9A1E7A4F7556}") = "FEBlazorDemo", "FEBlazorDemo\FEBlazorDemo.csproj", "{C75A259C-FCE5-4D6B-BA13-5051B71A9C32}"
EndProject
Project("{9A19103F-16F7-4668-BE54-9A1E7A4F7556}") = "BEAPIDemo", "BEAPIDemo\BEAPIDemo.csproj", "{64B53665-CDF1-4DD5-B29F-94EA67ED2525}"
	ProjectSection(ProjectDependencies) = postProject
		{A2F32FDB-441C-4968-BAEB-6FE98BA13C26} = {A2F32FDB-441C-4968-BAEB-6FE98BA13C26}
	EndProjectSection
EndProject
Project("{9A19103F-16F7-4668-BE54-9A1E7A4F7556}") = "SeComps", "SeComps\SeComps.csproj", "{76B53D27-53DA-4748-934B-E23027E61314}"
	ProjectSection(ProjectDependencies) = postProject
		{23FCA8EA-6965-45EF-BD65-F4DACA06E66D} = {23FCA8EA-6965-45EF-BD65-F4DACA06E66D}
	EndProjectSection
EndProject
Project("{9A19103F-16F7-4668-BE54-9A1E7A4F7556}") = "CommonModelsLib", "CommonModels\CommonModelsLib.csproj", "{23FCA8EA-6965-45EF-BD65-F4DACA06E66D}"
EndProject
Project("{9A19103F-16F7-4668-BE54-9A1E7A4F7556}") = "DemoModel", "DemoModel\DemoModel.csproj", "{5374C703-FBF7-43C9-9D72-945E7F0EC013}"
	ProjectSection(ProjectDependencies) = postProject
		{23FCA8EA-6965-45EF-BD65-F4DACA06E66D} = {23FCA8EA-6965-45EF-BD65-F4DACA06E66D}
	EndProjectSection
EndProject
Project("{9A19103F-16F7-4668-BE54-9A1E7A4F7556}") = "ConsoleAppTester", "ConsoleAppTester\ConsoleAppTester.csproj", "{D37925A6-28A4-4553-BB06-78B9736DCCBF}"
EndProject
Global
	GlobalSection(SolutionConfigurationPlatforms) = preSolution
		Debug|Any CPU = Debug|Any CPU
		Release|Any CPU = Release|Any CPU
	EndGlobalSection
	GlobalSection(ProjectConfigurationPlatforms) = postSolution
		{A2F32FDB-441C-4968-BAEB-6FE98BA13C26}.Debug|Any CPU.ActiveCfg = Debug|Any CPU
		{A2F32FDB-441C-4968-BAEB-6FE98BA13C26}.Debug|Any CPU.Build.0 = Debug|Any CPU
		{A2F32FDB-441C-4968-BAEB-6FE98BA13C26}.Release|Any CPU.ActiveCfg = Release|Any CPU
		{A2F32FDB-441C-4968-BAEB-6FE98BA13C26}.Release|Any CPU.Build.0 = Release|Any CPU
		{C75A259C-FCE5-4D6B-BA13-5051B71A9C32}.Debug|Any CPU.ActiveCfg = Debug|Any CPU
		{C75A259C-FCE5-4D6B-BA13-5051B71A9C32}.Debug|Any CPU.Build.0 = Debug|Any CPU
		{C75A259C-FCE5-4D6B-BA13-5051B71A9C32}.Release|Any CPU.ActiveCfg = Release|Any CPU
		{C75A259C-FCE5-4D6B-BA13-5051B71A9C32}.Release|Any CPU.Build.0 = Release|Any CPU
		{64B53665-CDF1-4DD5-B29F-94EA67ED2525}.Debug|Any CPU.ActiveCfg = Debug|Any CPU
		{64B53665-CDF1-4DD5-B29F-94EA67ED2525}.Debug|Any CPU.Build.0 = Debug|Any CPU
		{64B53665-CDF1-4DD5-B29F-94EA67ED2525}.Release|Any CPU.ActiveCfg = Release|Any CPU
		{64B53665-CDF1-4DD5-B29F-94EA67ED2525}.Release|Any CPU.Build.0 = Release|Any CPU
		{76B53D27-53DA-4748-934B-E23027E61314}.Debug|Any CPU.ActiveCfg = Debug|Any CPU
		{76B53D27-53DA-4748-934B-E23027E61314}.Debug|Any CPU.Build.0 = Debug|Any CPU
		{76B53D27-53DA-4748-934B-E23027E61314}.Release|Any CPU.ActiveCfg = Release|Any CPU
		{76B53D27-53DA-4748-934B-E23027E61314}.Release|Any CPU.Build.0 = Release|Any CPU
		{23FCA8EA-6965-45EF-BD65-F4DACA06E66D}.Debug|Any CPU.ActiveCfg = Debug|Any CPU
		{23FCA8EA-6965-45EF-BD65-F4DACA06E66D}.Debug|Any CPU.Build.0 = Debug|Any CPU
		{23FCA8EA-6965-45EF-BD65-F4DACA06E66D}.Release|Any CPU.ActiveCfg = Release|Any CPU
		{23FCA8EA-6965-45EF-BD65-F4DACA06E66D}.Release|Any CPU.Build.0 = Release|Any CPU
		{5374C703-FBF7-43C9-9D72-945E7F0EC013}.Debug|Any CPU.ActiveCfg = Debug|Any CPU
		{5374C703-FBF7-43C9-9D72-945E7F0EC013}.Debug|Any CPU.Build.0 = Debug|Any CPU
		{5374C703-FBF7-43C9-9D72-945E7F0EC013}.Release|Any CPU.ActiveCfg = Release|Any CPU
		{5374C703-FBF7-43C9-9D72-945E7F0EC013}.Release|Any CPU.Build.0 = Release|Any CPU
		{D37925A6-28A4-4553-BB06-78B9736DCCBF}.Debug|Any CPU.ActiveCfg = Debug|Any CPU
		{D37925A6-28A4-4553-BB06-78B9736DCCBF}.Debug|Any CPU.Build.0 = Debug|Any CPU
		{D37925A6-28A4-4553-BB06-78B9736DCCBF}.Release|Any CPU.ActiveCfg = Release|Any CPU
		{D37925A6-28A4-4553-BB06-78B9736DCCBF}.Release|Any CPU.Build.0 = Release|Any CPU
	EndGlobalSection
	GlobalSection(SolutionProperties) = preSolution
		HideSolutionNode = FALSE
	EndGlobalSection
	GlobalSection(ExtensibilityGlobals) = postSolution
		SolutionGuid = {0E13A0AF-5A44-4925-98B2-D596EFAB75BD}
	EndGlobalSection
EndGlobal
